// !$*UTF8*$!
{
	archiveVersion = 1;
	classes = {
	};
	objectVersion = 77;
	objects = {

/* Begin PBXBuildFile section */
		869A08FC2D51464100A4DA36 /* FirebaseAuth in Frameworks */ = {isa = PBXBuildFile; productRef = 869A08FB2D51464100A4DA36 /* FirebaseAuth */; };
		869A08FE2D51464100A4DA36 /* FirebaseCore in Frameworks */ = {isa = PBXBuildFile; productRef = 869A08FD2D51464100A4DA36 /* FirebaseCore */; };
		869A09002D51464100A4DA36 /* FirebaseStorage in Frameworks */ = {isa = PBXBuildFile; productRef = 869A08FF2D51464100A4DA36 /* FirebaseStorage */; };
		869A09022D51467300A4DA36 /* FirebaseFirestore in Frameworks */ = {isa = PBXBuildFile; productRef = 869A09012D51467300A4DA36 /* FirebaseFirestore */; };
		86ABC53E2D513B6500DFDE6D /* FirebaseAuth in Frameworks */ = {isa = PBXBuildFile; productRef = 86ABC53D2D513B6500DFDE6D /* FirebaseAuth */; };
		86ABC5402D513B6500DFDE6D /* FirebaseFirestore in Frameworks */ = {isa = PBXBuildFile; productRef = 86ABC53F2D513B6500DFDE6D /* FirebaseFirestore */; };
		86ABC5422D513B6500DFDE6D /* FirebaseStorage in Frameworks */ = {isa = PBXBuildFile; productRef = 86ABC5412D513B6500DFDE6D /* FirebaseStorage */; };
		86ABC5442D513EFB00DFDE6D /* GoogleService-Info.plist in Resources */ = {isa = PBXBuildFile; fileRef = 86ABC5432D513EFB00DFDE6D /* GoogleService-Info.plist */; };
/* End PBXBuildFile section */

/* Begin PBXContainerItemProxy section */
		86ABC4E62D51269500DFDE6D /* PBXContainerItemProxy */ = {
			isa = PBXContainerItemProxy;
			containerPortal = 86ABC4CB2D51269300DFDE6D /* Project object */;
			proxyType = 1;
			remoteGlobalIDString = 86ABC4D22D51269300DFDE6D;
			remoteInfo = Kello;
		};
		86ABC4F02D51269500DFDE6D /* PBXContainerItemProxy */ = {
			isa = PBXContainerItemProxy;
			containerPortal = 86ABC4CB2D51269300DFDE6D /* Project object */;
			proxyType = 1;
			remoteGlobalIDString = 86ABC4D22D51269300DFDE6D;
			remoteInfo = Kello;
		};
/* End PBXContainerItemProxy section */

/* Begin PBXCopyFilesBuildPhase section */
		869A08EF2D51443700A4DA36 /* CopyFiles */ = {
			isa = PBXCopyFilesBuildPhase;
			buildActionMask = 2147483647;
			dstPath = /usr/share/man/man1/;
			dstSubfolderSpec = 0;
			files = (
			);
			runOnlyForDeploymentPostprocessing = 1;
		};
/* End PBXCopyFilesBuildPhase section */

/* Begin PBXFileReference section */
		869A08F12D51443700A4DA36 /* PopulateDB */ = {isa = PBXFileReference; explicitFileType = "compiled.mach-o.executable"; includeInIndex = 0; path = PopulateDB; sourceTree = BUILT_PRODUCTS_DIR; };
		86ABC4D32D51269300DFDE6D /* Kello.app */ = {isa = PBXFileReference; explicitFileType = wrapper.application; includeInIndex = 0; path = Kello.app; sourceTree = BUILT_PRODUCTS_DIR; };
		86ABC4E52D51269500DFDE6D /* KelloTests.xctest */ = {isa = PBXFileReference; explicitFileType = wrapper.cfbundle; includeInIndex = 0; path = KelloTests.xctest; sourceTree = BUILT_PRODUCTS_DIR; };
		86ABC4EF2D51269500DFDE6D /* KelloUITests.xctest */ = {isa = PBXFileReference; explicitFileType = wrapper.cfbundle; includeInIndex = 0; path = KelloUITests.xctest; sourceTree = BUILT_PRODUCTS_DIR; };
		86ABC5432D513EFB00DFDE6D /* GoogleService-Info.plist */ = {isa = PBXFileReference; lastKnownFileType = text.plist.xml; path = "GoogleService-Info.plist"; sourceTree = "<group>"; };
/* End PBXFileReference section */

/* Begin PBXFileSystemSynchronizedBuildFileExceptionSet section */
		869A09082D5146F400A4DA36 /* Exceptions for "Kello" folder in "PopulateDB" target */ = {
			isa = PBXFileSystemSynchronizedBuildFileExceptionSet;
			membershipExceptions = (
				App/FirebaseConfig.swift,
			);
			target = 869A08F02D51443700A4DA36 /* PopulateDB */;
		};
/* End PBXFileSystemSynchronizedBuildFileExceptionSet section */

/* Begin PBXFileSystemSynchronizedRootGroup section */
		86ABC4D52D51269300DFDE6D /* Kello */ = {
			isa = PBXFileSystemSynchronizedRootGroup;
			exceptions = (
				869A09082D5146F400A4DA36 /* Exceptions for "Kello" folder in "PopulateDB" target */,
			);
			path = Kello;
			sourceTree = "<group>";
		};
		86ABC4E82D51269500DFDE6D /* KelloTests */ = {
			isa = PBXFileSystemSynchronizedRootGroup;
			path = KelloTests;
			sourceTree = "<group>";
		};
		86ABC4F22D51269500DFDE6D /* KelloUITests */ = {
			isa = PBXFileSystemSynchronizedRootGroup;
			path = KelloUITests;
			sourceTree = "<group>";
		};
/* End PBXFileSystemSynchronizedRootGroup section */

/* Begin PBXFrameworksBuildPhase section */
		869A08EE2D51443700A4DA36 /* Frameworks */ = {
			isa = PBXFrameworksBuildPhase;
			buildActionMask = 2147483647;
			files = (
				869A08FE2D51464100A4DA36 /* FirebaseCore in Frameworks */,
				869A09022D51467300A4DA36 /* FirebaseFirestore in Frameworks */,
				869A08FC2D51464100A4DA36 /* FirebaseAuth in Frameworks */,
				869A09002D51464100A4DA36 /* FirebaseStorage in Frameworks */,
			);
			runOnlyForDeploymentPostprocessing = 0;
		};
		86ABC4D02D51269300DFDE6D /* Frameworks */ = {
			isa = PBXFrameworksBuildPhase;
			buildActionMask = 2147483647;
			files = (
				86ABC53E2D513B6500DFDE6D /* FirebaseAuth in Frameworks */,
				86ABC5402D513B6500DFDE6D /* FirebaseFirestore in Frameworks */,
				86ABC5422D513B6500DFDE6D /* FirebaseStorage in Frameworks */,
			);
			runOnlyForDeploymentPostprocessing = 0;
		};
		86ABC4E22D51269500DFDE6D /* Frameworks */ = {
			isa = PBXFrameworksBuildPhase;
			buildActionMask = 2147483647;
			files = (
			);
			runOnlyForDeploymentPostprocessing = 0;
		};
		86ABC4EC2D51269500DFDE6D /* Frameworks */ = {
			isa = PBXFrameworksBuildPhase;
			buildActionMask = 2147483647;
			files = (
			);
			runOnlyForDeploymentPostprocessing = 0;
		};
/* End PBXFrameworksBuildPhase section */

/* Begin PBXGroup section */
		86ABC4CA2D51269300DFDE6D = {
			isa = PBXGroup;
			children = (
				86ABC5432D513EFB00DFDE6D /* GoogleService-Info.plist */,
				86ABC4D52D51269300DFDE6D /* Kello */,
				86ABC4E82D51269500DFDE6D /* KelloTests */,
				86ABC4F22D51269500DFDE6D /* KelloUITests */,
				86ABC4D42D51269300DFDE6D /* Products */,
			);
			sourceTree = "<group>";
		};
		86ABC4D42D51269300DFDE6D /* Products */ = {
			isa = PBXGroup;
			children = (
				86ABC4D32D51269300DFDE6D /* Kello.app */,
				86ABC4E52D51269500DFDE6D /* KelloTests.xctest */,
				86ABC4EF2D51269500DFDE6D /* KelloUITests.xctest */,
				869A08F12D51443700A4DA36 /* PopulateDB */,
			);
			name = Products;
			sourceTree = "<group>";
		};
/* End PBXGroup section */

/* Begin PBXNativeTarget section */
		869A08F02D51443700A4DA36 /* PopulateDB */ = {
			isa = PBXNativeTarget;
			buildConfigurationList = 869A08F72D51443700A4DA36 /* Build configuration list for PBXNativeTarget "PopulateDB" */;
			buildPhases = (
				869A08ED2D51443700A4DA36 /* Sources */,
				869A08EE2D51443700A4DA36 /* Frameworks */,
				869A08EF2D51443700A4DA36 /* CopyFiles */,
			);
			buildRules = (
			);
			dependencies = (
			);
			name = PopulateDB;
			packageProductDependencies = (
				869A08FB2D51464100A4DA36 /* FirebaseAuth */,
				869A08FD2D51464100A4DA36 /* FirebaseCore */,
				869A08FF2D51464100A4DA36 /* FirebaseStorage */,
				869A09012D51467300A4DA36 /* FirebaseFirestore */,
			);
			productName = PopulateDB;
			productReference = 869A08F12D51443700A4DA36 /* PopulateDB */;
			productType = "com.apple.product-type.tool";
		};
		86ABC4D22D51269300DFDE6D /* Kello */ = {
			isa = PBXNativeTarget;
			buildConfigurationList = 86ABC4F92D51269500DFDE6D /* Build configuration list for PBXNativeTarget "Kello" */;
			buildPhases = (
				86ABC4CF2D51269300DFDE6D /* Sources */,
				86ABC4D02D51269300DFDE6D /* Frameworks */,
				86ABC4D12D51269300DFDE6D /* Resources */,
			);
			buildRules = (
			);
			dependencies = (
			);
			fileSystemSynchronizedGroups = (
				86ABC4D52D51269300DFDE6D /* Kello */,
			);
			name = Kello;
			packageProductDependencies = (
				86ABC53D2D513B6500DFDE6D /* FirebaseAuth */,
				86ABC53F2D513B6500DFDE6D /* FirebaseFirestore */,
				86ABC5412D513B6500DFDE6D /* FirebaseStorage */,
			);
			productName = Kello;
			productReference = 86ABC4D32D51269300DFDE6D /* Kello.app */;
			productType = "com.apple.product-type.application";
		};
		86ABC4E42D51269500DFDE6D /* KelloTests */ = {
			isa = PBXNativeTarget;
			buildConfigurationList = 86ABC4FC2D51269500DFDE6D /* Build configuration list for PBXNativeTarget "KelloTests" */;
			buildPhases = (
				86ABC4E12D51269500DFDE6D /* Sources */,
				86ABC4E22D51269500DFDE6D /* Frameworks */,
				86ABC4E32D51269500DFDE6D /* Resources */,
			);
			buildRules = (
			);
			dependencies = (
				86ABC4E72D51269500DFDE6D /* PBXTargetDependency */,
			);
			fileSystemSynchronizedGroups = (
				86ABC4E82D51269500DFDE6D /* KelloTests */,
			);
			name = KelloTests;
			packageProductDependencies = (
			);
			productName = KelloTests;
			productReference = 86ABC4E52D51269500DFDE6D /* KelloTests.xctest */;
			productType = "com.apple.product-type.bundle.unit-test";
		};
		86ABC4EE2D51269500DFDE6D /* KelloUITests */ = {
			isa = PBXNativeTarget;
			buildConfigurationList = 86ABC4FF2D51269500DFDE6D /* Build configuration list for PBXNativeTarget "KelloUITests" */;
			buildPhases = (
				86ABC4EB2D51269500DFDE6D /* Sources */,
				86ABC4EC2D51269500DFDE6D /* Frameworks */,
				86ABC4ED2D51269500DFDE6D /* Resources */,
			);
			buildRules = (
			);
			dependencies = (
				86ABC4F12D51269500DFDE6D /* PBXTargetDependency */,
			);
			fileSystemSynchronizedGroups = (
				86ABC4F22D51269500DFDE6D /* KelloUITests */,
			);
			name = KelloUITests;
			packageProductDependencies = (
			);
			productName = KelloUITests;
			productReference = 86ABC4EF2D51269500DFDE6D /* KelloUITests.xctest */;
			productType = "com.apple.product-type.bundle.ui-testing";
		};
/* End PBXNativeTarget section */

/* Begin PBXProject section */
		86ABC4CB2D51269300DFDE6D /* Project object */ = {
			isa = PBXProject;
			attributes = {
				BuildIndependentTargetsInParallel = 1;
				LastSwiftUpdateCheck = 1620;
				LastUpgradeCheck = 1620;
				TargetAttributes = {
					869A08F02D51443700A4DA36 = {
						CreatedOnToolsVersion = 16.2;
					};
					86ABC4D22D51269300DFDE6D = {
						CreatedOnToolsVersion = 16.2;
					};
					86ABC4E42D51269500DFDE6D = {
						CreatedOnToolsVersion = 16.2;
						TestTargetID = 86ABC4D22D51269300DFDE6D;
					};
					86ABC4EE2D51269500DFDE6D = {
						CreatedOnToolsVersion = 16.2;
						TestTargetID = 86ABC4D22D51269300DFDE6D;
					};
				};
			};
			buildConfigurationList = 86ABC4CE2D51269300DFDE6D /* Build configuration list for PBXProject "Kello" */;
			developmentRegion = en;
			hasScannedForEncodings = 0;
			knownRegions = (
				en,
				Base,
			);
			mainGroup = 86ABC4CA2D51269300DFDE6D;
			minimizedProjectReferenceProxies = 1;
			packageReferences = (
				86ABC53C2D513B6500DFDE6D /* XCRemoteSwiftPackageReference "firebase-ios-sdk" */,
			);
			preferredProjectObjectVersion = 77;
			productRefGroup = 86ABC4D42D51269300DFDE6D /* Products */;
			projectDirPath = "";
			projectRoot = "";
			targets = (
				86ABC4D22D51269300DFDE6D /* Kello */,
				86ABC4E42D51269500DFDE6D /* KelloTests */,
				86ABC4EE2D51269500DFDE6D /* KelloUITests */,
				869A08F02D51443700A4DA36 /* PopulateDB */,
			);
		};
/* End PBXProject section */

/* Begin PBXResourcesBuildPhase section */
		86ABC4D12D51269300DFDE6D /* Resources */ = {
			isa = PBXResourcesBuildPhase;
			buildActionMask = 2147483647;
			files = (
				86ABC5442D513EFB00DFDE6D /* GoogleService-Info.plist in Resources */,
			);
			runOnlyForDeploymentPostprocessing = 0;
		};
		86ABC4E32D51269500DFDE6D /* Resources */ = {
			isa = PBXResourcesBuildPhase;
			buildActionMask = 2147483647;
			files = (
			);
			runOnlyForDeploymentPostprocessing = 0;
		};
		86ABC4ED2D51269500DFDE6D /* Resources */ = {
			isa = PBXResourcesBuildPhase;
			buildActionMask = 2147483647;
			files = (
			);
			runOnlyForDeploymentPostprocessing = 0;
		};
/* End PBXResourcesBuildPhase section */

/* Begin PBXSourcesBuildPhase section */
		869A08ED2D51443700A4DA36 /* Sources */ = {
			isa = PBXSourcesBuildPhase;
			buildActionMask = 2147483647;
			files = (
			);
			runOnlyForDeploymentPostprocessing = 0;
		};
		86ABC4CF2D51269300DFDE6D /* Sources */ = {
			isa = PBXSourcesBuildPhase;
			buildActionMask = 2147483647;
			files = (
			);
			runOnlyForDeploymentPostprocessing = 0;
		};
		86ABC4E12D51269500DFDE6D /* Sources */ = {
			isa = PBXSourcesBuildPhase;
			buildActionMask = 2147483647;
			files = (
			);
			runOnlyForDeploymentPostprocessing = 0;
		};
		86ABC4EB2D51269500DFDE6D /* Sources */ = {
			isa = PBXSourcesBuildPhase;
			buildActionMask = 2147483647;
			files = (
			);
			runOnlyForDeploymentPostprocessing = 0;
		};
/* End PBXSourcesBuildPhase section */

/* Begin PBXTargetDependency section */
		86ABC4E72D51269500DFDE6D /* PBXTargetDependency */ = {
			isa = PBXTargetDependency;
			target = 86ABC4D22D51269300DFDE6D /* Kello */;
			targetProxy = 86ABC4E62D51269500DFDE6D /* PBXContainerItemProxy */;
		};
		86ABC4F12D51269500DFDE6D /* PBXTargetDependency */ = {
			isa = PBXTargetDependency;
			target = 86ABC4D22D51269300DFDE6D /* Kello */;
			targetProxy = 86ABC4F02D51269500DFDE6D /* PBXContainerItemProxy */;
		};
/* End PBXTargetDependency section */

/* Begin XCBuildConfiguration section */
		869A08F52D51443700A4DA36 /* Debug */ = {
			isa = XCBuildConfiguration;
			buildSettings = {
				CODE_SIGN_STYLE = Automatic;
				MACOSX_DEPLOYMENT_TARGET = 14.6;
				PRODUCT_NAME = "$(TARGET_NAME)";
				SDKROOT = macosx;
				SWIFT_VERSION = 5.0;
			};
			name = Debug;
		};
		869A08F62D51443700A4DA36 /* Release */ = {
			isa = XCBuildConfiguration;
			buildSettings = {
				CODE_SIGN_STYLE = Automatic;
				MACOSX_DEPLOYMENT_TARGET = 14.6;
				PRODUCT_NAME = "$(TARGET_NAME)";
				SDKROOT = macosx;
				SWIFT_VERSION = 5.0;
			};
			name = Release;
		};
		86ABC4F72D51269500DFDE6D /* Debug */ = {
			isa = XCBuildConfiguration;
			buildSettings = {
				ALWAYS_SEARCH_USER_PATHS = NO;
				ASSETCATALOG_COMPILER_GENERATE_SWIFT_ASSET_SYMBOL_EXTENSIONS = YES;
				CLANG_ANALYZER_NONNULL = YES;
				CLANG_ANALYZER_NUMBER_OBJECT_CONVERSION = YES_AGGRESSIVE;
				CLANG_CXX_LANGUAGE_STANDARD = "gnu++20";
				CLANG_ENABLE_MODULES = YES;
				CLANG_ENABLE_OBJC_ARC = YES;
				CLANG_ENABLE_OBJC_WEAK = YES;
				CLANG_WARN_BLOCK_CAPTURE_AUTORELEASING = YES;
				CLANG_WARN_BOOL_CONVERSION = YES;
				CLANG_WARN_COMMA = YES;
				CLANG_WARN_CONSTANT_CONVERSION = YES;
				CLANG_WARN_DEPRECATED_OBJC_IMPLEMENTATIONS = YES;
				CLANG_WARN_DIRECT_OBJC_ISA_USAGE = YES_ERROR;
				CLANG_WARN_DOCUMENTATION_COMMENTS = YES;
				CLANG_WARN_EMPTY_BODY = YES;
				CLANG_WARN_ENUM_CONVERSION = YES;
				CLANG_WARN_INFINITE_RECURSION = YES;
				CLANG_WARN_INT_CONVERSION = YES;
				CLANG_WARN_NON_LITERAL_NULL_CONVERSION = YES;
				CLANG_WARN_OBJC_IMPLICIT_RETAIN_SELF = YES;
				CLANG_WARN_OBJC_LITERAL_CONVERSION = YES;
				CLANG_WARN_OBJC_ROOT_CLASS = YES_ERROR;
				CLANG_WARN_QUOTED_INCLUDE_IN_FRAMEWORK_HEADER = YES;
				CLANG_WARN_RANGE_LOOP_ANALYSIS = YES;
				CLANG_WARN_STRICT_PROTOTYPES = YES;
				CLANG_WARN_SUSPICIOUS_MOVE = YES;
				CLANG_WARN_UNGUARDED_AVAILABILITY = YES_AGGRESSIVE;
				CLANG_WARN_UNREACHABLE_CODE = YES;
				CLANG_WARN__DUPLICATE_METHOD_MATCH = YES;
				COPY_PHASE_STRIP = NO;
				DEBUG_INFORMATION_FORMAT = dwarf;
				ENABLE_STRICT_OBJC_MSGSEND = YES;
				ENABLE_TESTABILITY = YES;
				ENABLE_USER_SCRIPT_SANDBOXING = YES;
				GCC_C_LANGUAGE_STANDARD = gnu17;
				GCC_DYNAMIC_NO_PIC = NO;
				GCC_NO_COMMON_BLOCKS = YES;
				GCC_OPTIMIZATION_LEVEL = 0;
				GCC_PREPROCESSOR_DEFINITIONS = (
					"DEBUG=1",
					"$(inherited)",
				);
				GCC_WARN_64_TO_32_BIT_CONVERSION = YES;
				GCC_WARN_ABOUT_RETURN_TYPE = YES_ERROR;
				GCC_WARN_UNDECLARED_SELECTOR = YES;
				GCC_WARN_UNINITIALIZED_AUTOS = YES_AGGRESSIVE;
				GCC_WARN_UNUSED_FUNCTION = YES;
				GCC_WARN_UNUSED_VARIABLE = YES;
				IPHONEOS_DEPLOYMENT_TARGET = 18.2;
				LOCALIZATION_PREFERS_STRING_CATALOGS = YES;
				MTL_ENABLE_DEBUG_INFO = INCLUDE_SOURCE;
				MTL_FAST_MATH = YES;
				ONLY_ACTIVE_ARCH = YES;
				SDKROOT = iphoneos;
				SWIFT_ACTIVE_COMPILATION_CONDITIONS = "DEBUG $(inherited)";
				SWIFT_OPTIMIZATION_LEVEL = "-Onone";
			};
			name = Debug;
		};
		86ABC4F82D51269500DFDE6D /* Release */ = {
			isa = XCBuildConfiguration;
			buildSettings = {
				ALWAYS_SEARCH_USER_PATHS = NO;
				ASSETCATALOG_COMPILER_GENERATE_SWIFT_ASSET_SYMBOL_EXTENSIONS = YES;
				CLANG_ANALYZER_NONNULL = YES;
				CLANG_ANALYZER_NUMBER_OBJECT_CONVERSION = YES_AGGRESSIVE;
				CLANG_CXX_LANGUAGE_STANDARD = "gnu++20";
				CLANG_ENABLE_MODULES = YES;
				CLANG_ENABLE_OBJC_ARC = YES;
				CLANG_ENABLE_OBJC_WEAK = YES;
				CLANG_WARN_BLOCK_CAPTURE_AUTORELEASING = YES;
				CLANG_WARN_BOOL_CONVERSION = YES;
				CLANG_WARN_COMMA = YES;
				CLANG_WARN_CONSTANT_CONVERSION = YES;
				CLANG_WARN_DEPRECATED_OBJC_IMPLEMENTATIONS = YES;
				CLANG_WARN_DIRECT_OBJC_ISA_USAGE = YES_ERROR;
				CLANG_WARN_DOCUMENTATION_COMMENTS = YES;
				CLANG_WARN_EMPTY_BODY = YES;
				CLANG_WARN_ENUM_CONVERSION = YES;
				CLANG_WARN_INFINITE_RECURSION = YES;
				CLANG_WARN_INT_CONVERSION = YES;
				CLANG_WARN_NON_LITERAL_NULL_CONVERSION = YES;
				CLANG_WARN_OBJC_IMPLICIT_RETAIN_SELF = YES;
				CLANG_WARN_OBJC_LITERAL_CONVERSION = YES;
				CLANG_WARN_OBJC_ROOT_CLASS = YES_ERROR;
				CLANG_WARN_QUOTED_INCLUDE_IN_FRAMEWORK_HEADER = YES;
				CLANG_WARN_RANGE_LOOP_ANALYSIS = YES;
				CLANG_WARN_STRICT_PROTOTYPES = YES;
				CLANG_WARN_SUSPICIOUS_MOVE = YES;
				CLANG_WARN_UNGUARDED_AVAILABILITY = YES_AGGRESSIVE;
				CLANG_WARN_UNREACHABLE_CODE = YES;
				CLANG_WARN__DUPLICATE_METHOD_MATCH = YES;
				COPY_PHASE_STRIP = NO;
				DEBUG_INFORMATION_FORMAT = "dwarf-with-dsym";
				ENABLE_NS_ASSERTIONS = NO;
				ENABLE_STRICT_OBJC_MSGSEND = YES;
				ENABLE_USER_SCRIPT_SANDBOXING = YES;
				GCC_C_LANGUAGE_STANDARD = gnu17;
				GCC_NO_COMMON_BLOCKS = YES;
				GCC_WARN_64_TO_32_BIT_CONVERSION = YES;
				GCC_WARN_ABOUT_RETURN_TYPE = YES_ERROR;
				GCC_WARN_UNDECLARED_SELECTOR = YES;
				GCC_WARN_UNINITIALIZED_AUTOS = YES_AGGRESSIVE;
				GCC_WARN_UNUSED_FUNCTION = YES;
				GCC_WARN_UNUSED_VARIABLE = YES;
				IPHONEOS_DEPLOYMENT_TARGET = 18.2;
				LOCALIZATION_PREFERS_STRING_CATALOGS = YES;
				MTL_ENABLE_DEBUG_INFO = NO;
				MTL_FAST_MATH = YES;
				SDKROOT = iphoneos;
				SWIFT_COMPILATION_MODE = wholemodule;
				VALIDATE_PRODUCT = YES;
			};
			name = Release;
		};
		86ABC4FA2D51269500DFDE6D /* Debug */ = {
			isa = XCBuildConfiguration;
			buildSettings = {
				ASSETCATALOG_COMPILER_APPICON_NAME = AppIcon;
				ASSETCATALOG_COMPILER_GLOBAL_ACCENT_COLOR_NAME = AccentColor;
				CODE_SIGN_STYLE = Automatic;
				CURRENT_PROJECT_VERSION = 1;
				DEVELOPMENT_ASSET_PATHS = "\"Kello/Preview Content\"";
				ENABLE_PREVIEWS = YES;
				GENERATE_INFOPLIST_FILE = YES;
				INFOPLIST_KEY_UIApplicationSceneManifest_Generation = YES;
				INFOPLIST_KEY_UIApplicationSupportsIndirectInputEvents = YES;
				INFOPLIST_KEY_UILaunchScreen_Generation = YES;
				INFOPLIST_KEY_UISupportedInterfaceOrientations_iPad = "UIInterfaceOrientationPortrait UIInterfaceOrientationPortraitUpsideDown UIInterfaceOrientationLandscapeLeft UIInterfaceOrientationLandscapeRight";
				INFOPLIST_KEY_UISupportedInterfaceOrientations_iPhone = "UIInterfaceOrientationPortrait UIInterfaceOrientationLandscapeLeft UIInterfaceOrientationLandscapeRight";
				LD_RUNPATH_SEARCH_PATHS = (
					"$(inherited)",
					"@executable_path/Frameworks",
				);
				MARKETING_VERSION = 1.0;
				PRODUCT_BUNDLE_IDENTIFIER = com.tuomas.Kello;
				PRODUCT_NAME = "$(TARGET_NAME)";
				SWIFT_EMIT_LOC_STRINGS = YES;
				SWIFT_VERSION = 5.0;
				TARGETED_DEVICE_FAMILY = "1,2";
			};
			name = Debug;
		};
		86ABC4FB2D51269500DFDE6D /* Release */ = {
			isa = XCBuildConfiguration;
			buildSettings = {
				ASSETCATALOG_COMPILER_APPICON_NAME = AppIcon;
				ASSETCATALOG_COMPILER_GLOBAL_ACCENT_COLOR_NAME = AccentColor;
				CODE_SIGN_STYLE = Automatic;
				CURRENT_PROJECT_VERSION = 1;
				DEVELOPMENT_ASSET_PATHS = "\"Kello/Preview Content\"";
				ENABLE_PREVIEWS = YES;
				GENERATE_INFOPLIST_FILE = YES;
				INFOPLIST_KEY_UIApplicationSceneManifest_Generation = YES;
				INFOPLIST_KEY_UIApplicationSupportsIndirectInputEvents = YES;
				INFOPLIST_KEY_UILaunchScreen_Generation = YES;
				INFOPLIST_KEY_UISupportedInterfaceOrientations_iPad = "UIInterfaceOrientationPortrait UIInterfaceOrientationPortraitUpsideDown UIInterfaceOrientationLandscapeLeft UIInterfaceOrientationLandscapeRight";
				INFOPLIST_KEY_UISupportedInterfaceOrientations_iPhone = "UIInterfaceOrientationPortrait UIInterfaceOrientationLandscapeLeft UIInterfaceOrientationLandscapeRight";
				LD_RUNPATH_SEARCH_PATHS = (
					"$(inherited)",
					"@executable_path/Frameworks",
				);
				MARKETING_VERSION = 1.0;
				PRODUCT_BUNDLE_IDENTIFIER = com.tuomas.Kello;
				PRODUCT_NAME = "$(TARGET_NAME)";
				SWIFT_EMIT_LOC_STRINGS = YES;
				SWIFT_VERSION = 5.0;
				TARGETED_DEVICE_FAMILY = "1,2";
			};
			name = Release;
		};
		86ABC4FD2D51269500DFDE6D /* Debug */ = {
			isa = XCBuildConfiguration;
			buildSettings = {
				BUNDLE_LOADER = "$(TEST_HOST)";
				CODE_SIGN_STYLE = Automatic;
				CURRENT_PROJECT_VERSION = 1;
				GENERATE_INFOPLIST_FILE = YES;
				IPHONEOS_DEPLOYMENT_TARGET = 18.2;
				MARKETING_VERSION = 1.0;
				PRODUCT_BUNDLE_IDENTIFIER = com.tuomas.KelloTests;
				PRODUCT_NAME = "$(TARGET_NAME)";
				SWIFT_EMIT_LOC_STRINGS = NO;
				SWIFT_VERSION = 5.0;
				TARGETED_DEVICE_FAMILY = "1,2";
				TEST_HOST = "$(BUILT_PRODUCTS_DIR)/Kello.app/$(BUNDLE_EXECUTABLE_FOLDER_PATH)/Kello";
			};
			name = Debug;
		};
		86ABC4FE2D51269500DFDE6D /* Release */ = {
			isa = XCBuildConfiguration;
			buildSettings = {
				BUNDLE_LOADER = "$(TEST_HOST)";
				CODE_SIGN_STYLE = Automatic;
				CURRENT_PROJECT_VERSION = 1;
				GENERATE_INFOPLIST_FILE = YES;
				IPHONEOS_DEPLOYMENT_TARGET = 18.2;
				MARKETING_VERSION = 1.0;
				PRODUCT_BUNDLE_IDENTIFIER = com.tuomas.KelloTests;
				PRODUCT_NAME = "$(TARGET_NAME)";
				SWIFT_EMIT_LOC_STRINGS = NO;
				SWIFT_VERSION = 5.0;
				TARGETED_DEVICE_FAMILY = "1,2";
				TEST_HOST = "$(BUILT_PRODUCTS_DIR)/Kello.app/$(BUNDLE_EXECUTABLE_FOLDER_PATH)/Kello";
			};
			name = Release;
		};
		86ABC5002D51269500DFDE6D /* Debug */ = {
			isa = XCBuildConfiguration;
			buildSettings = {
				CODE_SIGN_STYLE = Automatic;
				CURRENT_PROJECT_VERSION = 1;
				GENERATE_INFOPLIST_FILE = YES;
				MARKETING_VERSION = 1.0;
				PRODUCT_BUNDLE_IDENTIFIER = com.tuomas.KelloUITests;
				PRODUCT_NAME = "$(TARGET_NAME)";
				SWIFT_EMIT_LOC_STRINGS = NO;
				SWIFT_VERSION = 5.0;
				TARGETED_DEVICE_FAMILY = "1,2";
				TEST_TARGET_NAME = Kello;
			};
			name = Debug;
		};
		86ABC5012D51269500DFDE6D /* Release */ = {
			isa = XCBuildConfiguration;
			buildSettings = {
				CODE_SIGN_STYLE = Automatic;
				CURRENT_PROJECT_VERSION = 1;
				GENERATE_INFOPLIST_FILE = YES;
				MARKETING_VERSION = 1.0;
				PRODUCT_BUNDLE_IDENTIFIER = com.tuomas.KelloUITests;
				PRODUCT_NAME = "$(TARGET_NAME)";
				SWIFT_EMIT_LOC_STRINGS = NO;
				SWIFT_VERSION = 5.0;
				TARGETED_DEVICE_FAMILY = "1,2";
				TEST_TARGET_NAME = Kello;
			};
			name = Release;
		};
/* End XCBuildConfiguration section */

/* Begin XCConfigurationList section */
		869A08F72D51443700A4DA36 /* Build configuration list for PBXNativeTarget "PopulateDB" */ = {
			isa = XCConfigurationList;
			buildConfigurations = (
				869A08F52D51443700A4DA36 /* Debug */,
				869A08F62D51443700A4DA36 /* Release */,
			);
			defaultConfigurationIsVisible = 0;
			defaultConfigurationName = Release;
		};
		86ABC4CE2D51269300DFDE6D /* Build configuration list for PBXProject "Kello" */ = {
			isa = XCConfigurationList;
			buildConfigurations = (
				86ABC4F72D51269500DFDE6D /* Debug */,
				86ABC4F82D51269500DFDE6D /* Release */,
			);
			defaultConfigurationIsVisible = 0;
			defaultConfigurationName = Release;
		};
		86ABC4F92D51269500DFDE6D /* Build configuration list for PBXNativeTarget "Kello" */ = {
			isa = XCConfigurationList;
			buildConfigurations = (
				86ABC4FA2D51269500DFDE6D /* Debug */,
				86ABC4FB2D51269500DFDE6D /* Release */,
			);
			defaultConfigurationIsVisible = 0;
			defaultConfigurationName = Release;
		};
		86ABC4FC2D51269500DFDE6D /* Build configuration list for PBXNativeTarget "KelloTests" */ = {
			isa = XCConfigurationList;
			buildConfigurations = (
				86ABC4FD2D51269500DFDE6D /* Debug */,
				86ABC4FE2D51269500DFDE6D /* Release */,
			);
			defaultConfigurationIsVisible = 0;
			defaultConfigurationName = Release;
		};
		86ABC4FF2D51269500DFDE6D /* Build configuration list for PBXNativeTarget "KelloUITests" */ = {
			isa = XCConfigurationList;
			buildConfigurations = (
				86ABC5002D51269500DFDE6D /* Debug */,
				86ABC5012D51269500DFDE6D /* Release */,
			);
			defaultConfigurationIsVisible = 0;
			defaultConfigurationName = Release;
		};
/* End XCConfigurationList section */

/* Begin XCRemoteSwiftPackageReference section */
		86ABC53C2D513B6500DFDE6D /* XCRemoteSwiftPackageReference "firebase-ios-sdk" */ = {
			isa = XCRemoteSwiftPackageReference;
			repositoryURL = "https://github.com/firebase/firebase-ios-sdk";
			requirement = {
				kind = upToNextMajorVersion;
				minimumVersion = 11.8.0;
			};
		};
/* End XCRemoteSwiftPackageReference section */

/* Begin XCSwiftPackageProductDependency section */
		869A08FB2D51464100A4DA36 /* FirebaseAuth */ = {
			isa = XCSwiftPackageProductDependency;
			package = 86ABC53C2D513B6500DFDE6D /* XCRemoteSwiftPackageReference "firebase-ios-sdk" */;
			productName = FirebaseAuth;
		};
		869A08FD2D51464100A4DA36 /* FirebaseCore */ = {
			isa = XCSwiftPackageProductDependency;
			package = 86ABC53C2D513B6500DFDE6D /* XCRemoteSwiftPackageReference "firebase-ios-sdk" */;
			productName = FirebaseCore;
		};
		869A08FF2D51464100A4DA36 /* FirebaseStorage */ = {
			isa = XCSwiftPackageProductDependency;
			package = 86ABC53C2D513B6500DFDE6D /* XCRemoteSwiftPackageReference "firebase-ios-sdk" */;
			productName = FirebaseStorage;
		};
		869A09012D51467300A4DA36 /* FirebaseFirestore */ = {
			isa = XCSwiftPackageProductDependency;
			package = 86ABC53C2D513B6500DFDE6D /* XCRemoteSwiftPackageReference "firebase-ios-sdk" */;
			productName = FirebaseFirestore;
		};
		86ABC53D2D513B6500DFDE6D /* FirebaseAuth */ = {
			isa = XCSwiftPackageProductDependency;
			package = 86ABC53C2D513B6500DFDE6D /* XCRemoteSwiftPackageReference "firebase-ios-sdk" */;
			productName = FirebaseAuth;
		};
		86ABC53F2D513B6500DFDE6D /* FirebaseFirestore */ = {
			isa = XCSwiftPackageProductDependency;
			package = 86ABC53C2D513B6500DFDE6D /* XCRemoteSwiftPackageReference "firebase-ios-sdk" */;
			productName = FirebaseFirestore;
		};
		86ABC5412D513B6500DFDE6D /* FirebaseStorage */ = {
			isa = XCSwiftPackageProductDependency;
			package = 86ABC53C2D513B6500DFDE6D /* XCRemoteSwiftPackageReference "firebase-ios-sdk" */;
			productName = FirebaseStorage;
		};
/* End XCSwiftPackageProductDependency section */
	};
	rootObject = 86ABC4CB2D51269300DFDE6D /* Project object */;
}
